
Microsoft Visual Studio Solution File, Format Version 12.00
# Visual Studio Version 17
VisualStudioVersion = 17.3.32825.248
MinimumVisualStudioVersion = 10.0.40219.1
Project("{9A19103F-16F7-4668-BE54-9A1E7A4F7556}") = "MyProject.Repositories", "MyProject.Repositories\MyProject.Repositories.csproj", "{4C02B1C1-63C2-429D-ACF2-164A9A251718}"
EndProject
Project("{9A19103F-16F7-4668-BE54-9A1E7A4F7556}") = "MyProject.ConsoleApp", "..\MyProject.ConsoleApp\MyProject.ConsoleApp.csproj", "{0AF0A18F-6B39-4854-A90A-7B31E92157B6}"
EndProject
Project("{9A19103F-16F7-4668-BE54-9A1E7A4F7556}") = "MyProject.Mock", "..\MyProject.Mock\MyProject.Mock.csproj", "{75BBD098-93B9-4BC5-983F-37E580F536BC}"
EndProject
Project("{9A19103F-16F7-4668-BE54-9A1E7A4F7556}") = "MyProject.WebAPI", "..\MyProject.WebAPI\MyProject.WebAPI.csproj", "{CDC581CB-4C65-4FE9-827E-D6011DB50253}"
EndProject
Project("{FAE04EC0-301F-11D3-BF4B-00C04F79EFBC}") = "MyProject.Services", "MyProject.Services\MyProject.Services.csproj", "{EFFFCE60-2D1E-44A6-A22B-2628A65AF02E}"
EndProject
Project("{FAE04EC0-301F-11D3-BF4B-00C04F79EFBC}") = "MyProject.Common", "MyProject.Common\MyProject.Common.csproj", "{DD7A40B7-607E-40D8-A63A-1E692FF21DC1}"
EndProject
Global
	GlobalSection(SolutionConfigurationPlatforms) = preSolution
		Debug|Any CPU = Debug|Any CPU
		Release|Any CPU = Release|Any CPU
	EndGlobalSection
	GlobalSection(ProjectConfigurationPlatforms) = postSolution
		{4C02B1C1-63C2-429D-ACF2-164A9A251718}.Debug|Any CPU.ActiveCfg = Debug|Any CPU
		{4C02B1C1-63C2-429D-ACF2-164A9A251718}.Debug|Any CPU.Build.0 = Debug|Any CPU
		{4C02B1C1-63C2-429D-ACF2-164A9A251718}.Release|Any CPU.ActiveCfg = Release|Any CPU
		{4C02B1C1-63C2-429D-ACF2-164A9A251718}.Release|Any CPU.Build.0 = Release|Any CPU
		{0AF0A18F-6B39-4854-A90A-7B31E92157B6}.Debug|Any CPU.ActiveCfg = Debug|Any CPU
		{0AF0A18F-6B39-4854-A90A-7B31E92157B6}.Debug|Any CPU.Build.0 = Debug|Any CPU
		{0AF0A18F-6B39-4854-A90A-7B31E92157B6}.Release|Any CPU.ActiveCfg = Release|Any CPU
		{0AF0A18F-6B39-4854-A90A-7B31E92157B6}.Release|Any CPU.Build.0 = Release|Any CPU
		{75BBD098-93B9-4BC5-983F-37E580F536BC}.Debug|Any CPU.ActiveCfg = Debug|Any CPU
		{75BBD098-93B9-4BC5-983F-37E580F536BC}.Debug|Any CPU.Build.0 = Debug|Any CPU
		{75BBD098-93B9-4BC5-983F-37E580F536BC}.Release|Any CPU.ActiveCfg = Release|Any CPU
		{75BBD098-93B9-4BC5-983F-37E580F536BC}.Release|Any CPU.Build.0 = Release|Any CPU
		{CDC581CB-4C65-4FE9-827E-D6011DB50253}.Debug|Any CPU.ActiveCfg = Debug|Any CPU
		{CDC581CB-4C65-4FE9-827E-D6011DB50253}.Debug|Any CPU.Build.0 = Debug|Any CPU
		{CDC581CB-4C65-4FE9-827E-D6011DB50253}.Release|Any CPU.ActiveCfg = Release|Any CPU
		{CDC581CB-4C65-4FE9-827E-D6011DB50253}.Release|Any CPU.Build.0 = Release|Any CPU
		{EFFFCE60-2D1E-44A6-A22B-2628A65AF02E}.Debug|Any CPU.ActiveCfg = Debug|Any CPU
		{EFFFCE60-2D1E-44A6-A22B-2628A65AF02E}.Debug|Any CPU.Build.0 = Debug|Any CPU
		{EFFFCE60-2D1E-44A6-A22B-2628A65AF02E}.Release|Any CPU.ActiveCfg = Release|Any CPU
		{EFFFCE60-2D1E-44A6-A22B-2628A65AF02E}.Release|Any CPU.Build.0 = Release|Any CPU
		{DD7A40B7-607E-40D8-A63A-1E692FF21DC1}.Debug|Any CPU.ActiveCfg = Debug|Any CPU
		{DD7A40B7-607E-40D8-A63A-1E692FF21DC1}.Debug|Any CPU.Build.0 = Debug|Any CPU
		{DD7A40B7-607E-40D8-A63A-1E692FF21DC1}.Release|Any CPU.ActiveCfg = Release|Any CPU
		{DD7A40B7-607E-40D8-A63A-1E692FF21DC1}.Release|Any CPU.Build.0 = Release|Any CPU
	EndGlobalSection
	GlobalSection(SolutionProperties) = preSolution
		HideSolutionNode = FALSE
	EndGlobalSection
	GlobalSection(ExtensibilityGlobals) = postSolution
		SolutionGuid = {4FF92068-D359-48D0-82D5-FA7F9EDC0582}
	EndGlobalSection
EndGlobal
